
Microsoft Visual Studio Solution File, Format Version 12.00
# Visual Studio Version 16
VisualStudioVersion = 16.0.30320.27
MinimumVisualStudioVersion = 10.0.40219.1
Project("{FAE04EC0-301F-11D3-BF4B-00C04F79EFBC}") = "TestsWebAPI", "TestsWebAPI\TestsWebAPI.csproj", "{38FF3BB5-5D22-4426-AA47-9D9A5EF9F903}"
EndProject
Global
	GlobalSection(SolutionConfigurationPlatforms) = preSolution
		Debug|Any CPU = Debug|Any CPU
		Release|Any CPU = Release|Any CPU
	EndGlobalSection
	GlobalSection(ProjectConfigurationPlatforms) = postSolution
		{38FF3BB5-5D22-4426-AA47-9D9A5EF9F903}.Debug|Any CPU.ActiveCfg = Debug|Any CPU
		{38FF3BB5-5D22-4426-AA47-9D9A5EF9F903}.Debug|Any CPU.Build.0 = Debug|Any CPU
		{38FF3BB5-5D22-4426-AA47-9D9A5EF9F903}.Release|Any CPU.ActiveCfg = Release|Any CPU
		{38FF3BB5-5D22-4426-AA47-9D9A5EF9F903}.Release|Any CPU.Build.0 = Release|Any CPU
	EndGlobalSection
	GlobalSection(SolutionProperties) = preSolution
		HideSolutionNode = FALSE
	EndGlobalSection
	GlobalSection(ExtensibilityGlobals) = postSolution
		SolutionGuid = {050B7F52-B1B4-402F-8679-B7ADF3DA6A20}
	EndGlobalSection
EndGlobal
